github.com/woozymasta/bcn v0.1.5 h1:MLhhmEY5Fsju4Ty7Y8x3KqRpGLmoy8yOXTTYuuQ05oM=
github.com/woozymasta/bcn v0.1.5/go.mod h1:cxN8xsxZ2JiJLoduPifkXAcsTzRF28lP1/mChSxttnI=
github.com/woozymasta/lzo v0.2.0 h1:orHEnGtWxCcFIw0ZGJuA70lUO9KSo+nTtiWO7eS4jyE=
github.com/woozymasta/lzo v0.2.0/go.mod h1:atslvdCReG3PCslm/INvW6VmGp+GnHABHYG4ANDasvg=
github.com/woozymasta/lzss v0.1.4 h1:1hnWxuqx18h6684MNC9QIyiMjoIypoT1zbuT5dIiDtE=
github.com/woozymasta/lzss v0.1.4/go.mod h1:3P9MZicG+a7UJ+4m4x+QWFgnvKI9Vgd7oobmu5DOFsw=
github.com/woozymasta/paa v0.2.1 h1:jHIr2ULoINu7Ct6TPM6CGS+Y94RaypuypyeqKo8NKxs=
github.com/woozymasta/paa v0.2.1/go.mod h1:00dIaz3eBMOmvmcYw8nHaaytJJ1bk1vMNsuXp6bQ0FE=
